{
  "name": "@o-town/server",
  "version": "1.0.0",
  "lockfileVersion": 3,
  "requires": true,
  "packages": {
    "": {
      "name": "@o-town/server",
      "version": "1.0.0",
      "license": "MIT",
      "dependencies": {
        "@o-town/server": "^1.0.0"
      },
      "engines": {
        "node": ">=18.0.0"
      }
    },
    "node_modules/@o-town/server": {
      "version": "1.0.0",
      "resolved": "https://registry.npmjs.org/@o-town/server/-/server-1.0.0.tgz",
      "integrity": "sha512-cwQvckAhRxVw/31T00uBvfdZktmp5+fJqkDHXm00hoCO627j/sZpZeR9nC8LpF5Zbn6fed43EiDtDG3FJTIRNg==",
      "license": "MIT",
      "engines": {
        "node": ">=18.0.0"
      }
    }
  }
}
